
Microsoft Visual Studio Solution File, Format Version 12.00
# Visual Studio Version 17
VisualStudioVersion = 17.14.36518.9 d17.14
MinimumVisualStudioVersion = 10.0.40219.1
Project("{FAE04EC0-301F-11D3-BF4B-00C04F79EFBC}") = "Calculadora IMC", "Calculadora IMC\Calculadora IMC.csproj", "{805770FD-86F0-486A-B43E-0385A0B05E0C}"
EndProject
Global
	GlobalSection(SolutionConfigurationPlatforms) = preSolution
		Debug|Any CPU = Debug|Any CPU
		Release|Any CPU = Release|Any CPU
	EndGlobalSection
	GlobalSection(ProjectConfigurationPlatforms) = postSolution
		{805770FD-86F0-486A-B43E-0385A0B05E0C}.Debug|Any CPU.ActiveCfg = Debug|Any CPU
		{805770FD-86F0-486A-B43E-0385A0B05E0C}.Debug|Any CPU.Build.0 = Debug|Any CPU
		{805770FD-86F0-486A-B43E-0385A0B05E0C}.Release|Any CPU.ActiveCfg = Release|Any CPU
		{805770FD-86F0-486A-B43E-0385A0B05E0C}.Release|Any CPU.Build.0 = Release|Any CPU
	EndGlobalSection
	GlobalSection(SolutionProperties) = preSolution
		HideSolutionNode = FALSE
	EndGlobalSection
	GlobalSection(ExtensibilityGlobals) = postSolution
		SolutionGuid = {07CA7CC9-F73C-475E-B981-EDDA441E8170}
	EndGlobalSection
EndGlobal
